
Microsoft Visual Studio Solution File, Format Version 12.00
# Visual Studio Version 17
VisualStudioVersion = 17.14.36414.22
MinimumVisualStudioVersion = 10.0.40219.1
Project("{FAE04EC0-301F-11D3-BF4B-00C04F79EFBC}") = "EscolaSystemApi", "EscolaSystemApi\EscolaSystemApi.csproj", "{83F3AF82-4F8B-46F6-9DA5-1FE71FBA8218}"
EndProject
Project("{FAE04EC0-301F-11D3-BF4B-00C04F79EFBC}") = "EscolaSystemApi.Tests", "EscolaSystemApi.Tests\EscolaSystemApi.Tests.csproj", "{B46638B2-79F3-4491-B47A-F9BE412BB04C}"
EndProject
Global
	GlobalSection(SolutionConfigurationPlatforms) = preSolution
		Debug|Any CPU = Debug|Any CPU
		Debug|x64 = Debug|x64
		Debug|x86 = Debug|x86
		Release|Any CPU = Release|Any CPU
		Release|x64 = Release|x64
		Release|x86 = Release|x86
	EndGlobalSection
	GlobalSection(ProjectConfigurationPlatforms) = postSolution
		{83F3AF82-4F8B-46F6-9DA5-1FE71FBA8218}.Debug|Any CPU.ActiveCfg = Debug|Any CPU
		{83F3AF82-4F8B-46F6-9DA5-1FE71FBA8218}.Debug|Any CPU.Build.0 = Debug|Any CPU
		{83F3AF82-4F8B-46F6-9DA5-1FE71FBA8218}.Debug|x64.ActiveCfg = Debug|Any CPU
		{83F3AF82-4F8B-46F6-9DA5-1FE71FBA8218}.Debug|x64.Build.0 = Debug|Any CPU
		{83F3AF82-4F8B-46F6-9DA5-1FE71FBA8218}.Debug|x86.ActiveCfg = Debug|Any CPU
		{83F3AF82-4F8B-46F6-9DA5-1FE71FBA8218}.Debug|x86.Build.0 = Debug|Any CPU
		{83F3AF82-4F8B-46F6-9DA5-1FE71FBA8218}.Release|Any CPU.ActiveCfg = Release|Any CPU
		{83F3AF82-4F8B-46F6-9DA5-1FE71FBA8218}.Release|Any CPU.Build.0 = Release|Any CPU
		{83F3AF82-4F8B-46F6-9DA5-1FE71FBA8218}.Release|x64.ActiveCfg = Release|Any CPU
		{83F3AF82-4F8B-46F6-9DA5-1FE71FBA8218}.Release|x64.Build.0 = Release|Any CPU
		{83F3AF82-4F8B-46F6-9DA5-1FE71FBA8218}.Release|x86.ActiveCfg = Release|Any CPU
		{83F3AF82-4F8B-46F6-9DA5-1FE71FBA8218}.Release|x86.Build.0 = Release|Any CPU
		{B46638B2-79F3-4491-B47A-F9BE412BB04C}.Debug|Any CPU.ActiveCfg = Debug|Any CPU
		{B46638B2-79F3-4491-B47A-F9BE412BB04C}.Debug|Any CPU.Build.0 = Debug|Any CPU
		{B46638B2-79F3-4491-B47A-F9BE412BB04C}.Debug|x64.ActiveCfg = Debug|Any CPU
		{B46638B2-79F3-4491-B47A-F9BE412BB04C}.Debug|x64.Build.0 = Debug|Any CPU
		{B46638B2-79F3-4491-B47A-F9BE412BB04C}.Debug|x86.ActiveCfg = Debug|Any CPU
		{B46638B2-79F3-4491-B47A-F9BE412BB04C}.Debug|x86.Build.0 = Debug|Any CPU
		{B46638B2-79F3-4491-B47A-F9BE412BB04C}.Release|Any CPU.ActiveCfg = Release|Any CPU
		{B46638B2-79F3-4491-B47A-F9BE412BB04C}.Release|Any CPU.Build.0 = Release|Any CPU
		{B46638B2-79F3-4491-B47A-F9BE412BB04C}.Release|x64.ActiveCfg = Release|Any CPU
		{B46638B2-79F3-4491-B47A-F9BE412BB04C}.Release|x64.Build.0 = Release|Any CPU
		{B46638B2-79F3-4491-B47A-F9BE412BB04C}.Release|x86.ActiveCfg = Release|Any CPU
		{B46638B2-79F3-4491-B47A-F9BE412BB04C}.Release|x86.Build.0 = Release|Any CPU
	EndGlobalSection
	GlobalSection(SolutionProperties) = preSolution
		HideSolutionNode = FALSE
	EndGlobalSection
	GlobalSection(ExtensibilityGlobals) = postSolution
		SolutionGuid = {C515AD2A-F1B3-4FCC-97FE-C83DFC80EEF2}
	EndGlobalSection
EndGlobal
